
Microsoft Visual Studio Solution File, Format Version 12.00
# Visual Studio 2013
VisualStudioVersion = 12.0.30723.0
MinimumVisualStudioVersion = 10.0.40219.1
Project("{FAE04EC0-301F-11D3-BF4B-00C04F79EFBC}") = "ProjectCoil", "ProjectCoil\ProjectCoil.csproj", "{698F5077-CBC6-4BD5-9105-2A8E0C962C58}"
EndProject
Project("{2150E333-8FDC-42A3-9474-1A3956D46DE8}") = "PublishScripts", "PublishScripts", "{D446A59B-0874-46D0-A6C3-4EF0A350482F}"
	ProjectSection(SolutionItems) = preProject
		PublishScripts\AzureWebsitePublishModule.psm1 = PublishScripts\AzureWebsitePublishModule.psm1
		PublishScripts\Publish-WebApplicationWebsite.ps1 = PublishScripts\Publish-WebApplicationWebsite.ps1
	EndProjectSection
EndProject
Project("{2150E333-8FDC-42A3-9474-1A3956D46DE8}") = "Configurations", "Configurations", "{D95AD044-5053-4E69-BC56-A46E1AC92FB7}"
	ProjectSection(SolutionItems) = preProject
		PublishScripts\Configurations\ProjectCoil-WAWS-dev.json = PublishScripts\Configurations\ProjectCoil-WAWS-dev.json
	EndProjectSection
EndProject
Global
	GlobalSection(SolutionConfigurationPlatforms) = preSolution
		Debug|Any CPU = Debug|Any CPU
		Release|Any CPU = Release|Any CPU
	EndGlobalSection
	GlobalSection(ProjectConfigurationPlatforms) = postSolution
		{698F5077-CBC6-4BD5-9105-2A8E0C962C58}.Debug|Any CPU.ActiveCfg = Debug|Any CPU
		{698F5077-CBC6-4BD5-9105-2A8E0C962C58}.Debug|Any CPU.Build.0 = Debug|Any CPU
		{698F5077-CBC6-4BD5-9105-2A8E0C962C58}.Release|Any CPU.ActiveCfg = Release|Any CPU
		{698F5077-CBC6-4BD5-9105-2A8E0C962C58}.Release|Any CPU.Build.0 = Release|Any CPU
	EndGlobalSection
	GlobalSection(SolutionProperties) = preSolution
		HideSolutionNode = FALSE
	EndGlobalSection
	GlobalSection(NestedProjects) = preSolution
		{D95AD044-5053-4E69-BC56-A46E1AC92FB7} = {D446A59B-0874-46D0-A6C3-4EF0A350482F}
	EndGlobalSection
EndGlobal
